
Microsoft Visual Studio Solution File, Format Version 12.00
# Visual Studio Version 16
VisualStudioVersion = 16.0.29911.84
MinimumVisualStudioVersion = 10.0.40219.1
Project("{FAE04EC0-301F-11D3-BF4B-00C04F79EFBC}") = "PL_Orderie", "PL_Orderie\PL_Orderie.csproj", "{A9341754-0E41-4567-9AF9-DA553D0B7368}"
EndProject
Project("{FAE04EC0-301F-11D3-BF4B-00C04F79EFBC}") = "BO_Orderie", "BO_Orderie\BO_Orderie.csproj", "{8922705B-0136-4517-85D9-C50F1D8F1505}"
EndProject
Global
	GlobalSection(SolutionConfigurationPlatforms) = preSolution
		Debug|Any CPU = Debug|Any CPU
		Release|Any CPU = Release|Any CPU
	EndGlobalSection
	GlobalSection(ProjectConfigurationPlatforms) = postSolution
		{A9341754-0E41-4567-9AF9-DA553D0B7368}.Debug|Any CPU.ActiveCfg = Debug|Any CPU
		{A9341754-0E41-4567-9AF9-DA553D0B7368}.Debug|Any CPU.Build.0 = Debug|Any CPU
		{A9341754-0E41-4567-9AF9-DA553D0B7368}.Release|Any CPU.ActiveCfg = Release|Any CPU
		{A9341754-0E41-4567-9AF9-DA553D0B7368}.Release|Any CPU.Build.0 = Release|Any CPU
		{8922705B-0136-4517-85D9-C50F1D8F1505}.Debug|Any CPU.ActiveCfg = Debug|Any CPU
		{8922705B-0136-4517-85D9-C50F1D8F1505}.Debug|Any CPU.Build.0 = Debug|Any CPU
		{8922705B-0136-4517-85D9-C50F1D8F1505}.Release|Any CPU.ActiveCfg = Release|Any CPU
		{8922705B-0136-4517-85D9-C50F1D8F1505}.Release|Any CPU.Build.0 = Release|Any CPU
	EndGlobalSection
	GlobalSection(SolutionProperties) = preSolution
		HideSolutionNode = FALSE
	EndGlobalSection
	GlobalSection(ExtensibilityGlobals) = postSolution
		SolutionGuid = {A14D9670-C1D4-4D1E-B539-D8433DC60088}
	EndGlobalSection
EndGlobal
